{
  "name": "BT-grails-nV",
  "lockfileVersion": 3,
  "requires": true,
  "packages": {
    "": {
      "dependencies": {
        "@aikidosec/firewall": "1.8.0"
      }
    },
    "node_modules/@aikidosec/firewall": {
      "version": "1.8.0",
      "resolved": "https://registry.npmjs.org/@aikidosec/firewall/-/firewall-1.8.0.tgz",
      "integrity": "sha512-NabFq9SVh80Ov1JTnQ0fM15/WBl88N/JpVRTJgnl6OnR/HOp88cDskZvSISu4fZx2DCC5HkOzw+YtibukySA2A==",
      "engines": {
        "node": ">=16"
      }
    }
  }
}
